
Microsoft Visual Studio Solution File, Format Version 12.00
# Visual Studio Version 16
VisualStudioVersion = 16.0.30804.86
MinimumVisualStudioVersion = 10.0.40219.1
Project("{FAE04EC0-301F-11D3-BF4B-00C04F79EFBC}") = "OkayGame", "OkayGame\OkayGame.csproj", "{DC938E83-C6AB-473B-A379-984E4A789643}"
EndProject
Global
	GlobalSection(SolutionConfigurationPlatforms) = preSolution
		Debug|Any CPU = Debug|Any CPU
		Release|Any CPU = Release|Any CPU
	EndGlobalSection
	GlobalSection(ProjectConfigurationPlatforms) = postSolution
		{DC938E83-C6AB-473B-A379-984E4A789643}.Debug|Any CPU.ActiveCfg = Debug|Any CPU
		{DC938E83-C6AB-473B-A379-984E4A789643}.Debug|Any CPU.Build.0 = Debug|Any CPU
		{DC938E83-C6AB-473B-A379-984E4A789643}.Release|Any CPU.ActiveCfg = Release|Any CPU
		{DC938E83-C6AB-473B-A379-984E4A789643}.Release|Any CPU.Build.0 = Release|Any CPU
	EndGlobalSection
	GlobalSection(SolutionProperties) = preSolution
		HideSolutionNode = FALSE
	EndGlobalSection
	GlobalSection(ExtensibilityGlobals) = postSolution
		SolutionGuid = {29C5C7EC-8006-426C-9264-951E59D19991}
	EndGlobalSection
EndGlobal
